# This file is automatically @generated by Cargo.
# It is not intended for manual editing.
version = 3

[[package]]
name = "cc"
version = "1.0.90"
source = "registry+https://github.com/rust-lang/crates.io-index"
checksum = "8cd6604a82acf3039f1144f54b8eb34e91ffba622051189e71b781822d5ee1f5"

[[package]]
name = "once_cell"
version = "1.19.0"
source = "registry+https://github.com/rust-lang/crates.io-index"
checksum = "3fdb12b2476b595f9358c5161aa467c2438859caa136dec86c26fdd2efe17b92"

[[package]]
name = "p01ars"
version = "0.1.0"
dependencies = [
 "savvy",
]

[[package]]
name = "proc-macro2"
version = "1.0.79"
source = "registry+https://github.com/rust-lang/crates.io-index"
checksum = "e835ff2298f5721608eb1a980ecaee1aef2c132bf95ecc026a11b7bf3c01c02e"
dependencies = [
 "unicode-ident",
]

[[package]]
name = "quote"
version = "1.0.35"
source = "registry+https://github.com/rust-lang/crates.io-index"
checksum = "291ec9ab5efd934aaf503a6466c5d5251535d108ee747472c3977cc5acc868ef"
dependencies = [
 "proc-macro2",
]

[[package]]
name = "savvy"
version = "0.2.18"
source = "registry+https://github.com/rust-lang/crates.io-index"
checksum = "05c25eb5d5fcc4f21258b74f087457d47249ffe11c8dc47d8a48f448851980ce"
dependencies = [
 "cc",
 "once_cell",
 "savvy-ffi",
 "savvy-macro",
]

[[package]]
name = "savvy-bindgen"
version = "0.2.18"
source = "registry+https://github.com/rust-lang/crates.io-index"
checksum = "bc0c440b964d8906db4869e85702ab95b762eb7447603a72822010ea4dde5195"
dependencies = [
 "proc-macro2",
 "quote",
 "syn",
]

[[package]]
name = "savvy-ffi"
version = "0.2.18"
source = "registry+https://github.com/rust-lang/crates.io-index"
checksum = "5ca996c3d408c56f8009fb8da66c99814b2a6c3a61c07f59259113c5b5a7f33e"

[[package]]
name = "savvy-macro"
version = "0.2.18"
source = "registry+https://github.com/rust-lang/crates.io-index"
checksum = "64e034fbcc35d6be79ea59cb02f6f72ce9e048eba8a84a17f72952dac5df6bc7"
dependencies = [
 "proc-macro2",
 "quote",
 "savvy-bindgen",
 "syn",
]

[[package]]
name = "syn"
version = "2.0.53"
source = "registry+https://github.com/rust-lang/crates.io-index"
checksum = "7383cd0e49fff4b6b90ca5670bfd3e9d6a733b3f90c686605aa7eec8c4996032"
dependencies = [
 "proc-macro2",
 "quote",
 "unicode-ident",
]

[[package]]
name = "unicode-ident"
version = "1.0.12"
source = "registry+https://github.com/rust-lang/crates.io-index"
checksum = "3354b9ac3fae1ff6755cb6db53683adb661634f67557942dea4facebec0fee4b"
